
Microsoft Visual Studio Solution File, Format Version 12.00
# Visual Studio 14
VisualStudioVersion = 14.0.25420.1
MinimumVisualStudioVersion = 10.0.40219.1
Project("{FAE04EC0-301F-11D3-BF4B-00C04F79EFBC}") = "Reversebinary", "Reversebinary\Reversebinary.csproj", "{0B517B5A-EE80-4839-98DA-B36A840864BE}"
EndProject
Project("{FAE04EC0-301F-11D3-BF4B-00C04F79EFBC}") = "Dogsvscats", "Dogsvscats\Dogsvscats.csproj", "{EBAC3C67-874E-4344-8D75-FC18BBCBA4E0}"
EndProject
Project("{FAE04EC0-301F-11D3-BF4B-00C04F79EFBC}") = "Engineeringenglish", "Engineeringenglis\Engineeringenglish.csproj", "{C14F8CB4-0CB2-472D-B083-DEE021988C64}"
EndProject
Project("{FAE04EC0-301F-11D3-BF4B-00C04F79EFBC}") = "Phonelist", "Phonelist\Phonelist.csproj", "{9FCF9844-4693-4D07-B582-E9BA77FFF5CF}"
EndProject
Project("{FAE04EC0-301F-11D3-BF4B-00C04F79EFBC}") = "Oddities", "Oddities\Oddities.csproj", "{43737519-05C2-4185-86BB-D3BCBE5F31BD}"
EndProject
Project("{FAE04EC0-301F-11D3-BF4B-00C04F79EFBC}") = "Helloworld", "Helloworld\Helloworld.csproj", "{966E054B-30F9-4C92-83A4-ECC06E8B4565}"
EndProject
Project("{FAE04EC0-301F-11D3-BF4B-00C04F79EFBC}") = "Speedlimit", "Speedlimit\Speedlimit.csproj", "{971E635C-AC02-447A-AB9D-6FB5EC336EE8}"
EndProject
Project("{FAE04EC0-301F-11D3-BF4B-00C04F79EFBC}") = "KattisIO", "KattisIO\KattisIO.csproj", "{037B8CC8-72FD-4BF9-937F-A52EE8F30651}"
EndProject
Global
	GlobalSection(SolutionConfigurationPlatforms) = preSolution
		Debug|Any CPU = Debug|Any CPU
		Release|Any CPU = Release|Any CPU
	EndGlobalSection
	GlobalSection(ProjectConfigurationPlatforms) = postSolution
		{0B517B5A-EE80-4839-98DA-B36A840864BE}.Debug|Any CPU.ActiveCfg = Debug|Any CPU
		{0B517B5A-EE80-4839-98DA-B36A840864BE}.Debug|Any CPU.Build.0 = Debug|Any CPU
		{0B517B5A-EE80-4839-98DA-B36A840864BE}.Release|Any CPU.ActiveCfg = Release|Any CPU
		{0B517B5A-EE80-4839-98DA-B36A840864BE}.Release|Any CPU.Build.0 = Release|Any CPU
		{EBAC3C67-874E-4344-8D75-FC18BBCBA4E0}.Debug|Any CPU.ActiveCfg = Debug|Any CPU
		{EBAC3C67-874E-4344-8D75-FC18BBCBA4E0}.Debug|Any CPU.Build.0 = Debug|Any CPU
		{EBAC3C67-874E-4344-8D75-FC18BBCBA4E0}.Release|Any CPU.ActiveCfg = Release|Any CPU
		{EBAC3C67-874E-4344-8D75-FC18BBCBA4E0}.Release|Any CPU.Build.0 = Release|Any CPU
		{C14F8CB4-0CB2-472D-B083-DEE021988C64}.Debug|Any CPU.ActiveCfg = Debug|Any CPU
		{C14F8CB4-0CB2-472D-B083-DEE021988C64}.Debug|Any CPU.Build.0 = Debug|Any CPU
		{C14F8CB4-0CB2-472D-B083-DEE021988C64}.Release|Any CPU.ActiveCfg = Release|Any CPU
		{C14F8CB4-0CB2-472D-B083-DEE021988C64}.Release|Any CPU.Build.0 = Release|Any CPU
		{9FCF9844-4693-4D07-B582-E9BA77FFF5CF}.Debug|Any CPU.ActiveCfg = Debug|Any CPU
		{9FCF9844-4693-4D07-B582-E9BA77FFF5CF}.Debug|Any CPU.Build.0 = Debug|Any CPU
		{9FCF9844-4693-4D07-B582-E9BA77FFF5CF}.Release|Any CPU.ActiveCfg = Release|Any CPU
		{9FCF9844-4693-4D07-B582-E9BA77FFF5CF}.Release|Any CPU.Build.0 = Release|Any CPU
		{43737519-05C2-4185-86BB-D3BCBE5F31BD}.Debug|Any CPU.ActiveCfg = Debug|Any CPU
		{43737519-05C2-4185-86BB-D3BCBE5F31BD}.Debug|Any CPU.Build.0 = Debug|Any CPU
		{43737519-05C2-4185-86BB-D3BCBE5F31BD}.Release|Any CPU.ActiveCfg = Release|Any CPU
		{43737519-05C2-4185-86BB-D3BCBE5F31BD}.Release|Any CPU.Build.0 = Release|Any CPU
		{966E054B-30F9-4C92-83A4-ECC06E8B4565}.Debug|Any CPU.ActiveCfg = Debug|Any CPU
		{966E054B-30F9-4C92-83A4-ECC06E8B4565}.Debug|Any CPU.Build.0 = Debug|Any CPU
		{966E054B-30F9-4C92-83A4-ECC06E8B4565}.Release|Any CPU.ActiveCfg = Release|Any CPU
		{966E054B-30F9-4C92-83A4-ECC06E8B4565}.Release|Any CPU.Build.0 = Release|Any CPU
		{971E635C-AC02-447A-AB9D-6FB5EC336EE8}.Debug|Any CPU.ActiveCfg = Debug|Any CPU
		{971E635C-AC02-447A-AB9D-6FB5EC336EE8}.Debug|Any CPU.Build.0 = Debug|Any CPU
		{971E635C-AC02-447A-AB9D-6FB5EC336EE8}.Release|Any CPU.ActiveCfg = Release|Any CPU
		{971E635C-AC02-447A-AB9D-6FB5EC336EE8}.Release|Any CPU.Build.0 = Release|Any CPU
		{037B8CC8-72FD-4BF9-937F-A52EE8F30651}.Debug|Any CPU.ActiveCfg = Debug|Any CPU
		{037B8CC8-72FD-4BF9-937F-A52EE8F30651}.Debug|Any CPU.Build.0 = Debug|Any CPU
		{037B8CC8-72FD-4BF9-937F-A52EE8F30651}.Release|Any CPU.ActiveCfg = Release|Any CPU
		{037B8CC8-72FD-4BF9-937F-A52EE8F30651}.Release|Any CPU.Build.0 = Release|Any CPU
	EndGlobalSection
	GlobalSection(SolutionProperties) = preSolution
		HideSolutionNode = FALSE
	EndGlobalSection
EndGlobal
